version = 1
revision = 3
requires-python = ">=3.12"

[[package]]
name = "colorama"
version = "0.4.6"
source = { registry = "https://pypi.org/simple" }
sdist = { url = "https://files.pythonhosted.org/packages/d8/53/6f443c9a4a8358a93a6792e2acffb9d9d5cb0a5cfd8802644b7b1c9a02e4/colorama-0.4.6.tar.gz", hash = "sha256:08695f5cb7ed6e0531a20572697297273c47b8cae5a63ffc6d6ed5c201be6e44", size = 27697, upload-time = "2022-10-25T02:36:22.414Z" }
wheels = [
    { url = "https://files.pythonhosted.org/packages/d1/d6/3965ed04c63042e047cb6a3e6ed1a63a35087b6a609aa3a15ed8ac56c221/colorama-0.4.6-py2.py3-none-any.whl", hash = "sha256:4f1d9991f5acc0ca119f9d443620b77f9d6b33703e51011c16baf57afb285fc6", size = 25335, upload-time = "2022-10-25T02:36:20.889Z" },
]

[[package]]
name = "dnspython"
version = "2.8.0"
source = { registry = "https://pypi.org/simple" }
sdist = { url = "https://files.pythonhosted.org/packages/8c/8b/57666417c0f90f08bcafa776861060426765fdb422eb10212086fb811d26/dnspython-2.8.0.tar.gz", hash = "sha256:181d3c6996452cb1189c4046c61599b84a5a86e099562ffde77d26984ff26d0f", size = 368251, upload-time = "2025-09-07T18:58:00.022Z" }
wheels = [
    { url = "https://files.pythonhosted.org/packages/ba/5a/18ad964b0086c6e62e2e7500f7edc89e3faa45033c71c1893d34eed2b2de/dnspython-2.8.0-py3-none-any.whl", hash = "sha256:01d9bbc4a2d76bf0db7c1f729812ded6d912bd318d3b1cf81d30c0f845dbf3af", size = 331094, upload-time = "2025-09-07T18:57:58.071Z" },
]

[[package]]
name = "iniconfig"
version = "2.1.0"
source = { registry = "https://pypi.org/simple" }
sdist = { url = "https://files.pythonhosted.org/packages/f2/97/ebf4da567aa6827c909642694d71c9fcf53e5b504f2d96afea02718862f3/iniconfig-2.1.0.tar.gz", hash = "sha256:3abbd2e30b36733fee78f9c7f7308f2d0050e88f0087fd25c2645f63c773e1c7", size = 4793, upload-time = "2025-03-19T20:09:59.721Z" }
wheels = [
    { url = "https://files.pythonhosted.org/packages/2c/e1/e6716421ea10d38022b952c159d5161ca1193197fb744506875fbb87ea7b/iniconfig-2.1.0-py3-none-any.whl", hash = "sha256:9deba5723312380e77435581c6bf4935c94cbfab9b1ed33ef8d238ea168eb760", size = 6050, upload-time = "2025-03-19T20:10:01.071Z" },
]

[[package]]
name = "motor"
version = "3.7.1"
source = { registry = "https://pypi.org/simple" }
dependencies = [
    { name = "pymongo" },
]
sdist = { url = "https://files.pythonhosted.org/packages/93/ae/96b88362d6a84cb372f7977750ac2a8aed7b2053eed260615df08d5c84f4/motor-3.7.1.tar.gz", hash = "sha256:27b4d46625c87928f331a6ca9d7c51c2f518ba0e270939d395bc1ddc89d64526", size = 280997, upload-time = "2025-05-14T18:56:33.653Z" }
wheels = [
    { url = "https://files.pythonhosted.org/packages/01/9a/35e053d4f442addf751ed20e0e922476508ee580786546d699b0567c4c67/motor-3.7.1-py3-none-any.whl", hash = "sha256:8a63b9049e38eeeb56b4fdd57c3312a6d1f25d01db717fe7d82222393c410298", size = 74996, upload-time = "2025-05-14T18:56:31.665Z" },
]

[[package]]
name = "packaging"
version = "25.0"
source = { registry = "https://pypi.org/simple" }
sdist = { url = "https://files.pythonhosted.org/packages/a1/d4/1fc4078c65507b51b96ca8f8c3ba19e6a61c8253c72794544580a7b6c24d/packaging-25.0.tar.gz", hash = "sha256:d443872c98d677bf60f6a1f2f8c1cb748e8fe762d2bf9d3148b5599295b0fc4f", size = 165727, upload-time = "2025-04-19T11:48:59.673Z" }
wheels = [
    { url = "https://files.pythonhosted.org/packages/20/12/38679034af332785aac8774540895e234f4d07f7545804097de4b666afd8/packaging-25.0-py3-none-any.whl", hash = "sha256:29572ef2b1f17581046b3a2227d5c611fb25ec70ca1ba8554b24b0e69331a484", size = 66469, upload-time = "2025-04-19T11:48:57.875Z" },
]

[[package]]
name = "pluggy"
version = "1.6.0"
source = { registry = "https://pypi.org/simple" }
sdist = { url = "https://files.pythonhosted.org/packages/f9/e2/3e91f31a7d2b083fe6ef3fa267035b518369d9511ffab804f839851d2779/pluggy-1.6.0.tar.gz", hash = "sha256:7dcc130b76258d33b90f61b658791dede3486c3e6bfb003ee5c9bfb396dd22f3", size = 69412, upload-time = "2025-05-15T12:30:07.975Z" }
wheels = [
    { url = "https://files.pythonhosted.org/packages/54/20/4d324d65cc6d9205fabedc306948156824eb9f0ee1633355a8f7ec5c66bf/pluggy-1.6.0-py3-none-any.whl", hash = "sha256:e920276dd6813095e9377c0bc5566d94c932c33b27a3e3945d8389c374dd4746", size = 20538, upload-time = "2025-05-15T12:30:06.134Z" },
]

[[package]]
name = "pygments"
version = "2.19.2"
source = { registry = "https://pypi.org/simple" }
sdist = { url = "https://files.pythonhosted.org/packages/b0/77/a5b8c569bf593b0140bde72ea885a803b82086995367bf2037de0159d924/pygments-2.19.2.tar.gz", hash = "sha256:636cb2477cec7f8952536970bc533bc43743542f70392ae026374600add5b887", size = 4968631, upload-time = "2025-06-21T13:39:12.283Z" }
wheels = [
    { url = "https://files.pythonhosted.org/packages/c7/21/705964c7812476f378728bdf590ca4b771ec72385c533964653c68e86bdc/pygments-2.19.2-py3-none-any.whl", hash = "sha256:86540386c03d588bb81d44bc3928634ff26449851e99741617ecb9037ee5ec0b", size = 1225217, upload-time = "2025-06-21T13:39:07.939Z" },
]

[[package]]
name = "pymongo"
version = "4.15.1"
source = { registry = "https://pypi.org/simple" }
dependencies = [
    { name = "dnspython" },
]
sdist = { url = "https://files.pythonhosted.org/packages/22/f5/c0c6732fbd358b75a07e17d7e588fd23d481b9812ca96ceeff90bbf879fc/pymongo-4.15.1.tar.gz", hash = "sha256:b9f379a4333dc3779a6bf7adfd077d4387404ed1561472743486a9c58286f705", size = 2470613, upload-time = "2025-09-16T16:39:47.24Z" }
wheels = [
    { url = "https://files.pythonhosted.org/packages/7e/31/bc4525312083706a59fffe6e8de868054472308230fdee8db0c452c2b831/pymongo-4.15.1-cp312-cp312-macosx_10_13_x86_64.whl", hash = "sha256:bab357c5ff36ba2340dfc94f3338ef399032089d35c3d257ce0c48630b7848b2", size = 920261, upload-time = "2025-09-16T16:38:33.614Z" },
    { url = "https://files.pythonhosted.org/packages/ae/55/4d99aec625494f21151b8b31e12e06b8ccd3b9dcff609b0dd1acf9bbbc0e/pymongo-4.15.1-cp312-cp312-macosx_11_0_arm64.whl", hash = "sha256:46d1af3eb2c274f07815372b5a68f99ecd48750e8ab54d5c3ff36a280fb41c8e", size = 919956, upload-time = "2025-09-16T16:38:35.121Z" },
    { url = "https://files.pythonhosted.org/packages/be/60/8f1afa41521df950e13f6490ecdef48155fc63b78f926e7649045e07afd1/pymongo-4.15.1-cp312-cp312-manylinux_2_17_aarch64.manylinux2014_aarch64.whl", hash = "sha256:7dc31357379318881186213dc5fc49b62601c955504f65c8e72032b5048950a1", size = 1698596, upload-time = "2025-09-16T16:38:36.586Z" },
    { url = "https://files.pythonhosted.org/packages/bc/3f/e48d50ee8d6aa0a4cda7889dd73076ec2ab79a232716a5eb0b9df070ffcf/pymongo-4.15.1-cp312-cp312-manylinux_2_17_ppc64le.manylinux2014_ppc64le.whl", hash = "sha256:12140d29da1ecbaefee2a9e65433ef15d6c2c38f97bc6dab0ff246a96f9d20cd", size = 1762833, upload-time = "2025-09-16T16:38:38.09Z" },
    { url = "https://files.pythonhosted.org/packages/63/87/db976859efc617f608754e051e1468459d9a818fe1ad5d0862e8af57720b/pymongo-4.15.1-cp312-cp312-manylinux_2_17_s390x.manylinux2014_s390x.whl", hash = "sha256:cf193d2dcd91fa1d1dfa1fd036a3b54f792915a4842d323c0548d23d30461b59", size = 1731875, upload-time = "2025-09-16T16:38:39.742Z" },
    { url = "https://files.pythonhosted.org/packages/18/59/3643ad52a5064ad3ef8c32910de6da28eb658234c25f2db5366f16bffbfb/pymongo-4.15.1-cp312-cp312-manylinux_2_17_x86_64.manylinux2014_x86_64.whl", hash = "sha256:a2c0bdcf4d57e4861ed323ba430b585ad98c010a83e46cb8aa3b29c248a82be1", size = 1701853, upload-time = "2025-09-16T16:38:41.333Z" },
    { url = "https://files.pythonhosted.org/packages/d8/96/441c190823f855fc6445ea574b39dca41156acf723c5e6a69ee718421700/pymongo-4.15.1-cp312-cp312-manylinux_2_5_i686.manylinux1_i686.manylinux_2_17_i686.manylinux2014_i686.whl", hash = "sha256:43fcfc19446e0706bbfe86f683a477d1e699b02369dd9c114ec17c7182d1fe2b", size = 1660978, upload-time = "2025-09-16T16:38:42.877Z" },
    { url = "https://files.pythonhosted.org/packages/47/49/bd7e783fb78aaf9bdaa3f88cc238449be5bc5546e930ec98845ef235f809/pymongo-4.15.1-cp312-cp312-win32.whl", hash = "sha256:e5fedea0e7b3747da836cd5f88b0fa3e2ec5a394371f9b6a6b15927cfeb5455d", size = 891175, upload-time = "2025-09-16T16:38:44.658Z" },
    { url = "https://files.pythonhosted.org/packages/2e/28/7de5858bdeaa07ea4b277f9eb06123ea358003659fe55e72e4e7c898b321/pymongo-4.15.1-cp312-cp312-win_amd64.whl", hash = "sha256:330a17c1c89e2c3bf03ed391108f928d5881298c17692199d3e0cdf097a20082", size = 910619, upload-time = "2025-09-16T16:38:46.124Z" },
    { url = "https://files.pythonhosted.org/packages/17/87/c39f4f8415e7c65f8b66413f53a9272211ff7dfe78a5128b27027bf88864/pymongo-4.15.1-cp312-cp312-win_arm64.whl", hash = "sha256:756b7a2a80ec3dd5b89cd62e9d13c573afd456452a53d05663e8ad0c5ff6632b", size = 896229, upload-time = "2025-09-16T16:38:48.563Z" },
    { url = "https://files.pythonhosted.org/packages/a6/22/02ac885d8accb4c86ae92e99681a09f3fd310c431843fc850e141b42ab17/pymongo-4.15.1-cp313-cp313-macosx_10_13_x86_64.whl", hash = "sha256:622957eed757e44d9605c43b576ef90affb61176d9e8be7356c1a2948812cb84", size = 974492, upload-time = "2025-09-16T16:38:50.437Z" },
    { url = "https://files.pythonhosted.org/packages/56/bf/71685b6b2d085dbaadf029b1ea4a1bc7a1bc483452513dea283b47a5f7c0/pymongo-4.15.1-cp313-cp313-macosx_11_0_arm64.whl", hash = "sha256:c5283dffcf601b793a57bb86819a467473bbb1bf21cd170c0b9648f933f22131", size = 974191, upload-time = "2025-09-16T16:38:52.725Z" },
    { url = "https://files.pythonhosted.org/packages/df/98/141edc92fa97af96b4c691e10a7225ac3e552914e88b7a8d439bd6bc9fcc/pymongo-4.15.1-cp313-cp313-manylinux_2_17_aarch64.manylinux2014_aarch64.whl", hash = "sha256:def51dea1f8e336aed807eb5d2f2a416c5613e97ec64f07479681d05044c217c", size = 1962311, upload-time = "2025-09-16T16:38:54.319Z" },
    { url = "https://files.pythonhosted.org/packages/f8/a9/601b91607af1dec8035b46ba67a5a023c819ccedd40d6f6232e15bf76030/pymongo-4.15.1-cp313-cp313-manylinux_2_17_ppc64le.manylinux2014_ppc64le.whl", hash = "sha256:24171b2015052b2f0a3f8cbfa38b973fa87f6474e88236a4dfeb735983f9f49e", size = 2039667, upload-time = "2025-09-16T16:38:55.958Z" },
    { url = "https://files.pythonhosted.org/packages/4f/71/02e9a5248e0a9dfc371fd7350f8b11eac03d9eb3662328978f37613d319a/pymongo-4.15.1-cp313-cp313-manylinux_2_17_s390x.manylinux2014_s390x.whl", hash = "sha256:64b60ed7220c52f8c78c7af8d2c58f7e415732e21b3ff7e642169efa6e0b11e7", size = 2003579, upload-time = "2025-09-16T16:38:57.576Z" },
    { url = "https://files.pythonhosted.org/packages/f9/d1/b1a9520b33e022ed1c0d2d43e8805ba18d3d686fc9c9d89a507593f6dd86/pymongo-4.15.1-cp313-cp313-manylinux_2_17_x86_64.manylinux2014_x86_64.whl", hash = "sha256:58236ce5ba3a79748c1813221b07b411847fd8849ff34c2891ba56f807cce3e5", size = 1964307, upload-time = "2025-09-16T16:38:59.219Z" },
    { url = "https://files.pythonhosted.org/packages/3d/d1/1d205a762020f056c05899a912364c48bac0f3438502b36d057aa1da3ca5/pymongo-4.15.1-cp313-cp313-manylinux_2_5_i686.manylinux1_i686.manylinux_2_17_i686.manylinux2014_i686.whl", hash = "sha256:7461e777b3da96568c1f077b1fbf9e0c15667ac4d8b9a1cf90d80a69fe3be609", size = 1913879, upload-time = "2025-09-16T16:39:01.266Z" },
    { url = "https://files.pythonhosted.org/packages/44/d1/0a3ab2440ea00b6423f33c84e6433022fd51f3561dede9346f54f39cf4dd/pymongo-4.15.1-cp313-cp313-win32.whl", hash = "sha256:45f0a2fb09704ca5e0df08a794076d21cbe5521d3a8ceb8ad6d51cef12f5f4e7", size = 938007, upload-time = "2025-09-16T16:39:03.427Z" },
    { url = "https://files.pythonhosted.org/packages/7b/61/e9ea839af2caadfde91774549a6f72450b72efdc92117995e7117d4b1270/pymongo-4.15.1-cp313-cp313-win_amd64.whl", hash = "sha256:b70201a6dbe19d0d10a886989d3ba4b857ea6ef402a22a61c8ca387b937cc065", size = 962236, upload-time = "2025-09-16T16:39:05.018Z" },
    { url = "https://files.pythonhosted.org/packages/ad/f8/0a92a72993b2e1c110ee532650624ca7ae15c5e45906dbae4f063a2fd32a/pymongo-4.15.1-cp313-cp313-win_arm64.whl", hash = "sha256:6892ebf8b2bc345cacfe1301724195d87162f02d01c417175e9f27d276a2f198", size = 944138, upload-time = "2025-09-16T16:39:07.035Z" },
    { url = "https://files.pythonhosted.org/packages/e5/eb/2ba257482844bb2e3c82c6b266d6e811bc610fa80408133e352cc1afb3c9/pymongo-4.15.1-cp313-cp313t-macosx_10_13_x86_64.whl", hash = "sha256:db439288516514713c8ee09c9baaf66bc4b0188fbe4cd578ef3433ee27699aab", size = 1030987, upload-time = "2025-09-16T16:39:08.914Z" },
    { url = "https://files.pythonhosted.org/packages/0d/86/8c6eab3767251ba77a3604d3b6b0826d0af246bd04b2d16aced3a54f08b0/pymongo-4.15.1-cp313-cp313t-macosx_11_0_arm64.whl", hash = "sha256:234c80a5f21c8854cc5d6c2f5541ff17dd645b99643587c5e7ed1e21d42003b6", size = 1030996, upload-time = "2025-09-16T16:39:10.429Z" },
    { url = "https://files.pythonhosted.org/packages/5b/26/c1bc0bcb64f39b9891b8b537f21cc37d668edd8b93f47ed930af7f95649c/pymongo-4.15.1-cp313-cp313t-manylinux_2_17_aarch64.manylinux2014_aarch64.whl", hash = "sha256:b570dc8179dcab980259b885116b14462bcf39170e30d8cbcce6f17f28a2ac5b", size = 2290670, upload-time = "2025-09-16T16:39:12.348Z" },
    { url = "https://files.pythonhosted.org/packages/82/af/f5e8b6c404a3678a99bf0b704f7b19fa14a71edb42d724eb09147aa1d3be/pymongo-4.15.1-cp313-cp313t-manylinux_2_17_ppc64le.manylinux2014_ppc64le.whl", hash = "sha256:cb6321bde02308d4d313b487d19bfae62ea4d37749fc2325b1c12388e05e4c31", size = 2377711, upload-time = "2025-09-16T16:39:13.992Z" },
    { url = "https://files.pythonhosted.org/packages/af/f4/63bcc1760bf3e0925cb6cb91b2b3ba756c113b1674a14b41efe7e3738b8d/pymongo-4.15.1-cp313-cp313t-manylinux_2_17_s390x.manylinux2014_s390x.whl", hash = "sha256:cc808588289f693aba80fae8272af4582a7d6edc4e95fb8fbf65fe6f634116ce", size = 2337097, upload-time = "2025-09-16T16:39:15.717Z" },
    { url = "https://files.pythonhosted.org/packages/d0/dc/0cfada0426556b4b04144fb00ce6a1e7535ab49623d4d9dd052d27ea46c0/pymongo-4.15.1-cp313-cp313t-manylinux_2_17_x86_64.manylinux2014_x86_64.whl", hash = "sha256:99236fd0e0cf6b048a4370d0df6820963dc94f935ad55a2e29af752272abd6c9", size = 2288295, upload-time = "2025-09-16T16:39:17.385Z" },
    { url = "https://files.pythonhosted.org/packages/5b/a8/081a80f60042d2b8cd6a1c091ecaa186f1ef216b587d06acd0743e1016c6/pymongo-4.15.1-cp313-cp313t-manylinux_2_5_i686.manylinux1_i686.manylinux_2_17_i686.manylinux2014_i686.whl", hash = "sha256:2277548bb093424742325b2a88861d913d8990f358fc71fd26004d1b87029bb8", size = 2227616, upload-time = "2025-09-16T16:39:19.025Z" },
    { url = "https://files.pythonhosted.org/packages/56/d0/a6007e0c3c5727391ac5ea40e93a1e7d14146c65ac4ca731c0680962eb48/pymongo-4.15.1-cp313-cp313t-win32.whl", hash = "sha256:754a5d75c33d49691e2b09a4e0dc75959e271a38cbfd92c6b36f7e4eafc4608e", size = 987225, upload-time = "2025-09-16T16:39:20.663Z" },
    { url = "https://files.pythonhosted.org/packages/9d/97/c9bf6dcd647a8cf7abbad5814dfb7d8a16e6ab92a3e56343b3bcb454a6d3/pymongo-4.15.1-cp313-cp313t-win_amd64.whl", hash = "sha256:8d62e68ad21661e536555d0683087a14bf5c74b242a4446c602d16080eb9e293", size = 1017521, upload-time = "2025-09-16T16:39:22.319Z" },
    { url = "https://files.pythonhosted.org/packages/31/ea/102f7c9477302fa05e5303dd504781ac82400e01aab91bfba9c290253bd6/pymongo-4.15.1-cp313-cp313t-win_arm64.whl", hash = "sha256:56bbfb79b51e95f4b1324a5a7665f3629f4d27c18e2002cfaa60c907cc5369d9", size = 992963, upload-time = "2025-09-16T16:39:23.957Z" },
]

[[package]]
name = "pytest"
version = "8.4.2"
source = { registry = "https://pypi.org/simple" }
dependencies = [
    { name = "colorama", marker = "sys_platform == 'win32'" },
    { name = "iniconfig" },
    { name = "packaging" },
    { name = "pluggy" },
    { name = "pygments" },
]
sdist = { url = "https://files.pythonhosted.org/packages/a3/5c/00a0e072241553e1a7496d638deababa67c5058571567b92a7eaa258397c/pytest-8.4.2.tar.gz", hash = "sha256:86c0d0b93306b961d58d62a4db4879f27fe25513d4b969df351abdddb3c30e01", size = 1519618, upload-time = "2025-09-04T14:34:22.711Z" }
wheels = [
    { url = "https://files.pythonhosted.org/packages/a8/a4/20da314d277121d6534b3a980b29035dcd51e6744bd79075a6ce8fa4eb8d/pytest-8.4.2-py3-none-any.whl", hash = "sha256:872f880de3fc3a5bdc88a11b39c9710c3497a547cfa9320bc3c5e62fbf272e79", size = 365750, upload-time = "2025-09-04T14:34:20.226Z" },
]

[[package]]
name = "pytest-asyncio"
version = "1.2.0"
source = { registry = "https://pypi.org/simple" }
dependencies = [
    { name = "pytest" },
    { name = "typing-extensions", marker = "python_full_version < '3.13'" },
]
sdist = { url = "https://files.pythonhosted.org/packages/42/86/9e3c5f48f7b7b638b216e4b9e645f54d199d7abbbab7a64a13b4e12ba10f/pytest_asyncio-1.2.0.tar.gz", hash = "sha256:c609a64a2a8768462d0c99811ddb8bd2583c33fd33cf7f21af1c142e824ffb57", size = 50119, upload-time = "2025-09-12T07:33:53.816Z" }
wheels = [
    { url = "https://files.pythonhosted.org/packages/04/93/2fa34714b7a4ae72f2f8dad66ba17dd9a2c793220719e736dda28b7aec27/pytest_asyncio-1.2.0-py3-none-any.whl", hash = "sha256:8e17ae5e46d8e7efe51ab6494dd2010f4ca8dae51652aa3c8d55acf50bfb2e99", size = 15095, upload-time = "2025-09-12T07:33:52.639Z" },
]

[[package]]
name = "sjasoft-uopdb-mongo"
version = "0.1.0"
source = { editable = "." }
dependencies = [
    { name = "motor" },
    { name = "pymongo" },
]

[package.dev-dependencies]
dev = [
    { name = "pytest" },
    { name = "pytest-asyncio" },
]

[package.metadata]
requires-dist = [
    { name = "motor", specifier = ">=3.7.1" },
    { name = "pymongo", specifier = ">=4.15.1" },
]

[package.metadata.requires-dev]
dev = [
    { name = "pytest", specifier = ">=8.4.2" },
    { name = "pytest-asyncio", specifier = ">=1.2.0" },
]

[[package]]
name = "typing-extensions"
version = "4.15.0"
source = { registry = "https://pypi.org/simple" }
sdist = { url = "https://files.pythonhosted.org/packages/72/94/1a15dd82efb362ac84269196e94cf00f187f7ed21c242792a923cdb1c61f/typing_extensions-4.15.0.tar.gz", hash = "sha256:0cea48d173cc12fa28ecabc3b837ea3cf6f38c6d1136f85cbaaf598984861466", size = 109391, upload-time = "2025-08-25T13:49:26.313Z" }
wheels = [
    { url = "https://files.pythonhosted.org/packages/18/67/36e9267722cc04a6b9f15c7f3441c2363321a3ea07da7ae0c0707beb2a9c/typing_extensions-4.15.0-py3-none-any.whl", hash = "sha256:f0fa19c6845758ab08074a0cfa8b7aecb71c999ca73d62883bc25cc018c4e548", size = 44614, upload-time = "2025-08-25T13:49:24.86Z" },
]
